<?xml version="1.0" encoding="utf-8"?>
<Project ToolsVersion="4.0" xmlns="http://schemas.microsoft.com/developer/msbuild/2003">
  <ItemGroup>
    <Filter Include="Source Files">
      <UniqueIdentifier>{4FC737F1-C7A5-4376-A066-2A32D752A2FF}</UniqueIdentifier>
      <Extensions>cpp;c;cc;cxx;def;odl;idl;hpj;bat;asm;asmx</Extensions>
    </Filter>
    <Filter Include="Header Files">
      <UniqueIdentifier>{93995380-89BD-4b04-88EB-625FBE52EBFB}</UniqueIdentifier>
      <Extensions>h;hh;hpp;hxx;hm;inl;inc;ipp;xsd</Extensions>
    </Filter>
    <Filter Include="Resource Files">
      <UniqueIdentifier>{67DA6AB6-F800-4c08-8B7A-83BB121AAD01}</UniqueIdentifier>
      <Extensions>rc;ico;cur;bmp;dlg;rc2;rct;bin;rgs;gif;jpg;jpeg;jpe;resx;tiff;tif;png;wav;mfcribbon-ms</Extensions>
    </Filter>
  </ItemGroup>
  <ItemGroup>
    <ClCompile Include="SurcoucheCpp.cpp">
      <Filter>Source Files</Filter>
    </ClCompile>
    <ClCompile Include="System.Diagnostics\Process\Process.cpp">
      <Filter>Source Files</Filter>
    </ClCompile>
    <ClCompile Include="System.IO\Directory\Directory.cpp">
      <Filter>Source Files</Filter>
    </ClCompile>
    <ClCompile Include="System.IO\Directory\DirectoryInfo\DirectoryInfo.cpp">
      <Filter>Source Files</Filter>
    </ClCompile>
    <ClCompile Include="System.IO\DriveInfo\DriveInfo.cpp">
      <Filter>Source Files</Filter>
    </ClCompile>
    <ClCompile Include="System.IO\DriveInfo\DriveType\DriveType.cpp">
      <Filter>Source Files</Filter>
    </ClCompile>
    <ClCompile Include="System.IO\Exception\IOException\IOException.cpp">
      <Filter>Source Files</Filter>
    </ClCompile>
    <ClCompile Include="System.IO\File\FileStream\FileStream.cpp">
      <Filter>Source Files</Filter>
    </ClCompile>
    <ClCompile Include="System.IO\File\FileSystemInfo\FileSystemInfo.cpp">
      <Filter>Source Files</Filter>
    </ClCompile>
    <ClCompile Include="System.IO\File\File\File.cpp">
      <Filter>Source Files</Filter>
    </ClCompile>
    <ClCompile Include="System.IO\Path\Path.cpp">
      <Filter>Source Files</Filter>
    </ClCompile>
    <ClCompile Include="System.IO\Stream\StreamReader\StreamReader.cpp">
      <Filter>Source Files</Filter>
    </ClCompile>
    <ClCompile Include="System.IO\Stream\StreamWriter\StreamWriter.cpp">
      <Filter>Source Files</Filter>
    </ClCompile>
    <ClCompile Include="System.IO\Stream\TextReader\TextReader.cpp">
      <Filter>Source Files</Filter>
    </ClCompile>
    <ClCompile Include="System.IO\Stream\TextWriter\TextWriter.cpp">
      <Filter>Source Files</Filter>
    </ClCompile>
    <ClCompile Include="System.Net\AsyncEventArgs\AsyncCompletedEventArgs.cpp">
      <Filter>Source Files</Filter>
    </ClCompile>
    <ClCompile Include="System.Net\DownloadNetException\DownloadNetException.cpp">
      <Filter>Source Files</Filter>
    </ClCompile>
    <ClCompile Include="System.Net\StringEventArgs\DownloadStringCompletedEventArgs.cpp">
      <Filter>Source Files</Filter>
    </ClCompile>
    <ClCompile Include="System.Net\WebCallback\WebCallback.cpp">
      <Filter>Source Files</Filter>
    </ClCompile>
    <ClCompile Include="System.Net\WebClient\WebClient.cpp">
      <Filter>Source Files</Filter>
    </ClCompile>
    <ClCompile Include="System.Text.RegularExpressions\Regex\Regex.cpp">
      <Filter>Source Files</Filter>
    </ClCompile>
    <ClCompile Include="System.Text\StringBuilder\StringBuilder.cpp">
      <Filter>Source Files</Filter>
    </ClCompile>
    <ClCompile Include="System.Timers\ElapsedEventArgs\ElapsedEventArgs.cpp">
      <Filter>Source Files</Filter>
    </ClCompile>
    <ClCompile Include="System.Timers\Timer\Timer.cpp">
      <Filter>Source Files</Filter>
    </ClCompile>
    <ClCompile Include="System\Activator\Activator.cpp">
      <Filter>Source Files</Filter>
    </ClCompile>
    <ClCompile Include="System\Box\BoxFile\BoxFile.cpp">
      <Filter>Source Files</Filter>
    </ClCompile>
    <ClCompile Include="System\Box\ConfirmationBox\ConfirmationBox.cpp">
      <Filter>Source Files</Filter>
    </ClCompile>
    <ClCompile Include="System\Console\Console.cpp">
      <Filter>Source Files</Filter>
    </ClCompile>
    <ClCompile Include="System\DateTime\DateTime.cpp">
      <Filter>Source Files</Filter>
    </ClCompile>
    <ClCompile Include="System\Environment\Environment.cpp">
      <Filter>Source Files</Filter>
    </ClCompile>
    <ClCompile Include="System\Event\EventArgs\EventArgs.cpp">
      <Filter>Source Files</Filter>
    </ClCompile>
    <ClCompile Include="System\Event\Func\Func.cpp">
      <Filter>Source Files</Filter>
    </ClCompile>
    <ClCompile Include="System\Exception\Exception\Exception.cpp">
      <Filter>Source Files</Filter>
    </ClCompile>
    <ClCompile Include="System\Exception\OutOfRange\OutOfRange.cpp">
      <Filter>Source Files</Filter>
    </ClCompile>
    <ClCompile Include="System\LanguageManager\LanguageManager.cpp">
      <Filter>Source Files</Filter>
    </ClCompile>
    <ClCompile Include="System\LanguageManager\Language\Language.cpp">
      <Filter>Source Files</Filter>
    </ClCompile>
    <ClCompile Include="System\Mathf\Mathf.cpp">
      <Filter>Source Files</Filter>
    </ClCompile>
    <ClCompile Include="System\Object\Object.cpp">
      <Filter>Source Files</Filter>
    </ClCompile>
    <ClCompile Include="System\PrimaryType\Boolean\Boolean.cpp">
      <Filter>Source Files</Filter>
    </ClCompile>
    <ClCompile Include="System\PrimaryType\Byte\Byte.cpp">
      <Filter>Source Files</Filter>
    </ClCompile>
    <ClCompile Include="System\PrimaryType\Char\Char.cpp">
      <Filter>Source Files</Filter>
    </ClCompile>
    <ClCompile Include="System\PrimaryType\Double\Double.cpp">
      <Filter>Source Files</Filter>
    </ClCompile>
    <ClCompile Include="System\PrimaryType\Float\Float.cpp">
      <Filter>Source Files</Filter>
    </ClCompile>
    <ClCompile Include="System\PrimaryType\Integer\Integer.cpp">
      <Filter>Source Files</Filter>
    </ClCompile>
    <ClCompile Include="System\PrimaryType\String\String.cpp">
      <Filter>Source Files</Filter>
    </ClCompile>
    <ClCompile Include="System\Random\Random.cpp">
      <Filter>Source Files</Filter>
    </ClCompile>
    <ClCompile Include="System\TimeZone\TimeZone.cpp">
      <Filter>Source Files</Filter>
    </ClCompile>
    <ClCompile Include="System\Type\Type.cpp">
      <Filter>Source Files</Filter>
    </ClCompile>
    <ClCompile Include="System\Uri\Uri.cpp">
      <Filter>Source Files</Filter>
    </ClCompile>
    <ClCompile Include="System\Version\Version.cpp">
      <Filter>Source Files</Filter>
    </ClCompile>
    <ClCompile Include="System.Reflection\MethodInfo\MethodInfo.cpp">
      <Filter>Source Files</Filter>
    </ClCompile>
    <ClCompile Include="System.Reflection\ParameterInfo\ParameterInfo.cpp">
      <Filter>Source Files</Filter>
    </ClCompile>
    <ClCompile Include="System.Text.RegularExpressions\CaptureCollection\CaptureCollection.cpp">
      <Filter>Source Files</Filter>
    </ClCompile>
    <ClCompile Include="System.Text.RegularExpressions\Capture\Capture.cpp">
      <Filter>Source Files</Filter>
    </ClCompile>
    <ClCompile Include="System.Text.RegularExpressions\GroupCollection\GroupCollection.cpp">
      <Filter>Source Files</Filter>
    </ClCompile>
    <ClCompile Include="System.Text.RegularExpressions\Group\Group.cpp">
      <Filter>Source Files</Filter>
    </ClCompile>
    <ClCompile Include="System.Text.RegularExpressions\Match\Match.cpp">
      <Filter>Source Files</Filter>
    </ClCompile>
    <ClCompile Include="System.Collections.Generic\Stack\Stack.cpp">
      <Filter>Source Files</Filter>
    </ClCompile>
    <ClCompile Include="System.Net\Networking\Utils\Enum\NetMessageTypes.cpp">
      <Filter>Source Files</Filter>
    </ClCompile>
    <ClCompile Include="System.Numerics\Matrix\Matrix4x4\Matrix4x4.cpp">
      <Filter>Source Files</Filter>
    </ClCompile>
    <ClCompile Include="System.Numerics\Quaternion\Quaternion.cpp">
      <Filter>Source Files</Filter>
    </ClCompile>
    <ClCompile Include="System.Numerics\Vector\Vector2\Vector2.cpp">
      <Filter>Source Files</Filter>
    </ClCompile>
    <ClCompile Include="System.Numerics\Vector\Vector3\Vector3.cpp">
      <Filter>Source Files</Filter>
    </ClCompile>
    <ClCompile Include="System.Numerics\Vector\Vector4\Vector4.cpp">
      <Filter>Source Files</Filter>
    </ClCompile>
    <ClCompile Include="System.SQL\Command\DeleteCommand\SQLDeleteCommand.cpp">
      <Filter>Source Files</Filter>
    </ClCompile>
    <ClCompile Include="System.SQL\Command\InsertCommand\SQLInsertCommand.cpp">
      <Filter>Source Files</Filter>
    </ClCompile>
    <ClCompile Include="System.SQL\Command\SQLCommand.cpp">
      <Filter>Source Files</Filter>
    </ClCompile>
    <ClCompile Include="System.SQL\Command\UpdateCommand\SQLUpdateCommand.cpp">
      <Filter>Source Files</Filter>
    </ClCompile>
    <ClCompile Include="System.SQL\DataBase\DataBaseLocal\DataBaseLocal.cpp">
      <Filter>Source Files</Filter>
    </ClCompile>
    <ClCompile Include="System.SQL\DataBase\Table\DataBaseTable.cpp">
      <Filter>Source Files</Filter>
    </ClCompile>
    <ClCompile Include="System.SQL\Reader\SQLReader.cpp">
      <Filter>Source Files</Filter>
    </ClCompile>
    <ClCompile Include="System.SQL\SqlData.cpp">
      <Filter>Source Files</Filter>
    </ClCompile>
    <ClCompile Include="System.Text.Json\Element\JsonElement.cpp">
      <Filter>Source Files</Filter>
    </ClCompile>
    <ClCompile Include="System.Text.Json\Property\JsonProperty.cpp">
      <Filter>Source Files</Filter>
    </ClCompile>
    <ClCompile Include="System.Text.Json\Serializer\JsonSerializer.cpp">
      <Filter>Source Files</Filter>
    </ClCompile>
    <ClCompile Include="System.Threading\Thread\Thread.cpp">
      <Filter>Source Files</Filter>
    </ClCompile>
    <ClCompile Include="System\ClipBoard\ClipBoard.cpp">
      <Filter>Source Files</Filter>
    </ClCompile>
    <ClCompile Include="System\Enum\DayOfWeek\DayOfWeek.cpp">
      <Filter>Source Files</Filter>
    </ClCompile>
    <ClCompile Include="System\PrimaryType\Buffer\Buffer.cpp">
      <Filter>Source Files</Filter>
    </ClCompile>
    <ClCompile Include="System\Utils\AssertSystem\AssertMacro.cpp">
      <Filter>Source Files</Filter>
    </ClCompile>
    <ClCompile Include="System\Window\Menu\WindowMenu.cpp">
      <Filter>Source Files</Filter>
    </ClCompile>
    <ClCompile Include="System\Window\Window.cpp">
      <Filter>Source Files</Filter>
    </ClCompile>
  </ItemGroup>
  <ItemGroup>
    <ClInclude Include="System.Collections.Generic\Dictionary\Dictionary.h">
      <Filter>Header Files</Filter>
    </ClInclude>
    <ClInclude Include="System.Collections.Generic\Interface\Collection\ICollection.h">
      <Filter>Header Files</Filter>
    </ClInclude>
    <ClInclude Include="System.Collections.Generic\Interface\Dictionary\IDictionary.h">
      <Filter>Header Files</Filter>
    </ClInclude>
    <ClInclude Include="System.Collections.Generic\Interface\Enumerable\IEnumerable.h">
      <Filter>Header Files</Filter>
    </ClInclude>
    <ClInclude Include="System.Collections.Generic\Interface\Enumerator\IEnumerator.h">
      <Filter>Header Files</Filter>
    </ClInclude>
    <ClInclude Include="System.Collections.Generic\Interface\List\IList.h">
      <Filter>Header Files</Filter>
    </ClInclude>
    <ClInclude Include="System.Collections.Generic\KeyValuePair\KeyValuePair.h">
      <Filter>Header Files</Filter>
    </ClInclude>
    <ClInclude Include="System.Collections.Generic\List\List.h">
      <Filter>Header Files</Filter>
    </ClInclude>
    <ClInclude Include="System.Collections\Interface\Collection\ICollection.h">
      <Filter>Header Files</Filter>
    </ClInclude>
    <ClInclude Include="System.Collections\Interface\Enumerable\Enumerable.h">
      <Filter>Header Files</Filter>
    </ClInclude>
    <ClInclude Include="System.Collections\Interface\Enumerator\IEnumerator.h">
      <Filter>Header Files</Filter>
    </ClInclude>
    <ClInclude Include="System.Collections\Interface\List\IList.h">
      <Filter>Header Files</Filter>
    </ClInclude>
    <ClInclude Include="System.Diagnostics\Process\Process.h">
      <Filter>Header Files</Filter>
    </ClInclude>
    <ClInclude Include="System.IO\Directory\Directory.h">
      <Filter>Header Files</Filter>
    </ClInclude>
    <ClInclude Include="System.IO\Directory\DirectoryInfo\DirectoryInfo.h">
      <Filter>Header Files</Filter>
    </ClInclude>
    <ClInclude Include="System.IO\DriveInfo\DriveInfo.h">
      <Filter>Header Files</Filter>
    </ClInclude>
    <ClInclude Include="System.IO\DriveInfo\DriveType\DriveType.h">
      <Filter>Header Files</Filter>
    </ClInclude>
    <ClInclude Include="System.IO\Exception\IOException\IOException.h">
      <Filter>Header Files</Filter>
    </ClInclude>
    <ClInclude Include="System.IO\File\FileStream\FileStream.h">
      <Filter>Header Files</Filter>
    </ClInclude>
    <ClInclude Include="System.IO\File\FileSystemInfo\FileSystemInfo.h">
      <Filter>Header Files</Filter>
    </ClInclude>
    <ClInclude Include="System.IO\File\File\File.h">
      <Filter>Header Files</Filter>
    </ClInclude>
    <ClInclude Include="System.IO\Path\Path.h">
      <Filter>Header Files</Filter>
    </ClInclude>
    <ClInclude Include="System.IO\Stream\StreamReader\StreamReader.h">
      <Filter>Header Files</Filter>
    </ClInclude>
    <ClInclude Include="System.IO\Stream\StreamWriter\StreamWriter.h">
      <Filter>Header Files</Filter>
    </ClInclude>
    <ClInclude Include="System.IO\Stream\TextReader\TextReader.h">
      <Filter>Header Files</Filter>
    </ClInclude>
    <ClInclude Include="System.IO\Stream\TextWriter\TextWriter.h">
      <Filter>Header Files</Filter>
    </ClInclude>
    <ClInclude Include="System.Net\AsyncEventArgs\AsyncCompletedEventArgs.h">
      <Filter>Header Files</Filter>
    </ClInclude>
    <ClInclude Include="System.Net\DownloadNetException\DownloadNetException.h">
      <Filter>Header Files</Filter>
    </ClInclude>
    <ClInclude Include="System.Net\StringEventArgs\DownloadStringCompletedEventArgs.h">
      <Filter>Header Files</Filter>
    </ClInclude>
    <ClInclude Include="System.Net\WebCallback\WebCallback.h">
      <Filter>Header Files</Filter>
    </ClInclude>
    <ClInclude Include="System.Net\WebClient\WebClient.h">
      <Filter>Header Files</Filter>
    </ClInclude>
    <ClInclude Include="System.Text.RegularExpressions\Regex\Regex.h">
      <Filter>Header Files</Filter>
    </ClInclude>
    <ClInclude Include="System.Text\StringBuilder\StringBuilder.h">
      <Filter>Header Files</Filter>
    </ClInclude>
    <ClInclude Include="System.Timers\ElapsedEventArgs\ElapsedEventArgs.h">
      <Filter>Header Files</Filter>
    </ClInclude>
    <ClInclude Include="System.Timers\Timer\Timer.h">
      <Filter>Header Files</Filter>
    </ClInclude>
    <ClInclude Include="System.Utils\Singleton\Singleton.h">
      <Filter>Header Files</Filter>
    </ClInclude>
    <ClInclude Include="System\Activator\Activator.h">
      <Filter>Header Files</Filter>
    </ClInclude>
    <ClInclude Include="System\Box\BoxFile\BoxFile.h">
      <Filter>Header Files</Filter>
    </ClInclude>
    <ClInclude Include="System\Box\ConfirmationBox\ConfirmationBox.h">
      <Filter>Header Files</Filter>
    </ClInclude>
    <ClInclude Include="System\Console\Console.h">
      <Filter>Header Files</Filter>
    </ClInclude>
    <ClInclude Include="System\DateTime\DateTime.h">
      <Filter>Header Files</Filter>
    </ClInclude>
    <ClInclude Include="System\Environment\Environment.h">
      <Filter>Header Files</Filter>
    </ClInclude>
    <ClInclude Include="System\Event\Action\Action.h">
      <Filter>Header Files</Filter>
    </ClInclude>
    <ClInclude Include="System\Event\Delegate\delegates.h">
      <Filter>Header Files</Filter>
    </ClInclude>
    <ClInclude Include="System\Event\EventArgs\EventArgs.h">
      <Filter>Header Files</Filter>
    </ClInclude>
    <ClInclude Include="System\Event\EventHandler\EventHandler.h">
      <Filter>Header Files</Filter>
    </ClInclude>
    <ClInclude Include="System\Event\Func\Func.h">
      <Filter>Header Files</Filter>
    </ClInclude>
    <ClInclude Include="System\Event\Predicate\Predicate.h">
      <Filter>Header Files</Filter>
    </ClInclude>
    <ClInclude Include="System\Exception\Exception\Exception.h">
      <Filter>Header Files</Filter>
    </ClInclude>
    <ClInclude Include="System\Exception\OutOfRange\OutOfRange.h">
      <Filter>Header Files</Filter>
    </ClInclude>
    <ClInclude Include="System\IncludeSystem.h">
      <Filter>Header Files</Filter>
    </ClInclude>
    <ClInclude Include="System\Interface\Cloneable\ICloneable.h">
      <Filter>Header Files</Filter>
    </ClInclude>
    <ClInclude Include="System\Interface\Comparable\IComparable.h">
      <Filter>Header Files</Filter>
    </ClInclude>
    <ClInclude Include="System\Interface\Equatable\IEquatable.h">
      <Filter>Header Files</Filter>
    </ClInclude>
    <ClInclude Include="System\LanguageManager\LanguageManager.h">
      <Filter>Header Files</Filter>
    </ClInclude>
    <ClInclude Include="System\LanguageManager\Language\Language.h">
      <Filter>Header Files</Filter>
    </ClInclude>
    <ClInclude Include="System\Mathf\Mathf.h">
      <Filter>Header Files</Filter>
    </ClInclude>
    <ClInclude Include="System\Object\Object.h">
      <Filter>Header Files</Filter>
    </ClInclude>
    <ClInclude Include="System\PrimaryType\Boolean\Boolean.h">
      <Filter>Header Files</Filter>
    </ClInclude>
    <ClInclude Include="System\PrimaryType\Byte\Byte.h">
      <Filter>Header Files</Filter>
    </ClInclude>
    <ClInclude Include="System\PrimaryType\Char\Char.h">
      <Filter>Header Files</Filter>
    </ClInclude>
    <ClInclude Include="System\PrimaryType\Double\Double.h">
      <Filter>Header Files</Filter>
    </ClInclude>
    <ClInclude Include="System\PrimaryType\Float\Float.h">
      <Filter>Header Files</Filter>
    </ClInclude>
    <ClInclude Include="System\PrimaryType\Integer\Integer.h">
      <Filter>Header Files</Filter>
    </ClInclude>
    <ClInclude Include="System\PrimaryType\String\String.h">
      <Filter>Header Files</Filter>
    </ClInclude>
    <ClInclude Include="System\Random\Random.h">
      <Filter>Header Files</Filter>
    </ClInclude>
    <ClInclude Include="System\TemplateUtils\TemplateUtils.h">
      <Filter>Header Files</Filter>
    </ClInclude>
    <ClInclude Include="System\TimeZone\TimeZone.h">
      <Filter>Header Files</Filter>
    </ClInclude>
    <ClInclude Include="System\Type\Type.h">
      <Filter>Header Files</Filter>
    </ClInclude>
    <ClInclude Include="System\Uri\Uri.h">
      <Filter>Header Files</Filter>
    </ClInclude>
    <ClInclude Include="System\Version\Version.h">
      <Filter>Header Files</Filter>
    </ClInclude>
    <ClInclude Include="System.Reflection\Enum\MemberTypes\MemberTypes.h">
      <Filter>Header Files</Filter>
    </ClInclude>
    <ClInclude Include="System.Reflection\MethodInfo\MethodInfo.h">
      <Filter>Header Files</Filter>
    </ClInclude>
    <ClInclude Include="System.Reflection\ParameterInfo\ParameterInfo.h">
      <Filter>Header Files</Filter>
    </ClInclude>
    <ClInclude Include="System.Reflection\ReturnType\ReturnType.h">
      <Filter>Header Files</Filter>
    </ClInclude>
    <ClInclude Include="System.Text.RegularExpressions\CaptureCollection\CaptureCollection.h">
      <Filter>Header Files</Filter>
    </ClInclude>
    <ClInclude Include="System.Text.RegularExpressions\Capture\Capture.h">
      <Filter>Header Files</Filter>
    </ClInclude>
    <ClInclude Include="System.Text.RegularExpressions\GroupCollection\GroupCollection.h">
      <Filter>Header Files</Filter>
    </ClInclude>
    <ClInclude Include="System.Text.RegularExpressions\Group\Group.h">
      <Filter>Header Files</Filter>
    </ClInclude>
    <ClInclude Include="System.Text.RegularExpressions\Match\Match.h">
      <Filter>Header Files</Filter>
    </ClInclude>
    <ClInclude Include="System\Interface\AsyncResult\IAsyncResult.h">
      <Filter>Header Files</Filter>
    </ClInclude>
    <ClInclude Include="System\Interface\Disposable\IDisposable.h">
      <Filter>Header Files</Filter>
    </ClInclude>
    <ClInclude Include="System\PrimaryType\Array\Array.h">
      <Filter>Header Files</Filter>
    </ClInclude>
    <ClInclude Include="System\PrimaryType\Enum\Enum.h">
      <Filter>Header Files</Filter>
    </ClInclude>
    <ClInclude Include="System.Collections.Generic\LinkedList\Iterator\LinkedListIterator.h">
      <Filter>Header Files</Filter>
    </ClInclude>
    <ClInclude Include="System.Collections.Generic\LinkedList\LinkedList.h">
      <Filter>Header Files</Filter>
    </ClInclude>
    <ClInclude Include="System.Collections.Generic\LinkedList\LinkedListNode\LinkedListNode.h">
      <Filter>Header Files</Filter>
    </ClInclude>
    <ClInclude Include="System.Collections.Generic\Queue\Queue.h">
      <Filter>Header Files</Filter>
    </ClInclude>
    <ClInclude Include="System.Collections.Generic\Stack\Stack.h">
      <Filter>Header Files</Filter>
    </ClInclude>
    <ClInclude Include="System.Net\Networking\Utils\Enum\NetMessageTypes.h">
      <Filter>Header Files</Filter>
    </ClInclude>
    <ClInclude Include="System.Net\Networking\Utils\Interface\Client\NetClientInterface.h">
      <Filter>Header Files</Filter>
    </ClInclude>
    <ClInclude Include="System.Net\Networking\Utils\Interface\Server\NetServerInterface.h">
      <Filter>Header Files</Filter>
    </ClInclude>
    <ClInclude Include="System.Net\Networking\Utils\NetConnection\NetConnection.h">
      <Filter>Header Files</Filter>
    </ClInclude>
    <ClInclude Include="System.Net\Networking\Utils\NetInclude.h">
      <Filter>Header Files</Filter>
    </ClInclude>
    <ClInclude Include="System.Net\Networking\Utils\NetMessage\NetMessage.h">
      <Filter>Header Files</Filter>
    </ClInclude>
    <ClInclude Include="System.Net\Networking\Utils\NetQueue\NetQueue.h">
      <Filter>Header Files</Filter>
    </ClInclude>
    <ClInclude Include="System.Numerics\Matrix\Matrix4x4\Matrix4x4.h">
      <Filter>Header Files</Filter>
    </ClInclude>
    <ClInclude Include="System.Numerics\Quaternion\Quaternion.h">
      <Filter>Header Files</Filter>
    </ClInclude>
    <ClInclude Include="System.Numerics\Vector\Vector2\Vector2.h">
      <Filter>Header Files</Filter>
    </ClInclude>
    <ClInclude Include="System.Numerics\Vector\Vector3\Vector3.h">
      <Filter>Header Files</Filter>
    </ClInclude>
    <ClInclude Include="System.Numerics\Vector\Vector4\Vector4.h">
      <Filter>Header Files</Filter>
    </ClInclude>
    <ClInclude Include="System.SQL\Command\DeleteCommand\SQLDeleteCommand.h">
      <Filter>Header Files</Filter>
    </ClInclude>
    <ClInclude Include="System.SQL\Command\InsertCommand\SQLInsertCommand.h">
      <Filter>Header Files</Filter>
    </ClInclude>
    <ClInclude Include="System.SQL\Command\Inteface\ISQLCommand.h">
      <Filter>Header Files</Filter>
    </ClInclude>
    <ClInclude Include="System.SQL\Command\SQLCommand.h">
      <Filter>Header Files</Filter>
    </ClInclude>
    <ClInclude Include="System.SQL\Command\UpdateCommand\SQLUpdateCommand.h">
      <Filter>Header Files</Filter>
    </ClInclude>
    <ClInclude Include="System.SQL\DataBase\DataBaseLocal\DataBaseLocal.h">
      <Filter>Header Files</Filter>
    </ClInclude>
    <ClInclude Include="System.SQL\DataBase\Table\DataBaseTable.h">
      <Filter>Header Files</Filter>
    </ClInclude>
    <ClInclude Include="System.SQL\Exception\SQLException.h">
      <Filter>Header Files</Filter>
    </ClInclude>
    <ClInclude Include="System.SQL\Reader\SQLReader.h">
      <Filter>Header Files</Filter>
    </ClInclude>
    <ClInclude Include="System.SQL\SqlData.h">
      <Filter>Header Files</Filter>
    </ClInclude>
    <ClInclude Include="System.Text.Json\Element\JsonElement.h">
      <Filter>Header Files</Filter>
    </ClInclude>
    <ClInclude Include="System.Text.Json\Exception\JsonException\JsonException.h">
      <Filter>Header Files</Filter>
    </ClInclude>
    <ClInclude Include="System.Text.Json\Property\JsonProperty.h">
      <Filter>Header Files</Filter>
    </ClInclude>
    <ClInclude Include="System.Text.Json\Serializer\JsonSerializer.h">
      <Filter>Header Files</Filter>
    </ClInclude>
    <ClInclude Include="System.Text.Json\ValueKind\JsonValueKind.h">
      <Filter>Header Files</Filter>
    </ClInclude>
    <ClInclude Include="System.Threading\Thread\Thread.h">
      <Filter>Header Files</Filter>
    </ClInclude>
    <ClInclude Include="System.Utils\Template\IsAbstract\IsAbstract.h">
      <Filter>Header Files</Filter>
    </ClInclude>
    <ClInclude Include="System.Utils\Template\IsPointer\IsPointer.h">
      <Filter>Header Files</Filter>
    </ClInclude>
    <ClInclude Include="System\ClipBoard\ClipBoard.h">
      <Filter>Header Files</Filter>
    </ClInclude>
    <ClInclude Include="System\Console\Enum\ConsoleColor.h">
      <Filter>Header Files</Filter>
    </ClInclude>
    <ClInclude Include="System\Enum\DayOfWeek\DayOfWeek.h">
      <Filter>Header Files</Filter>
    </ClInclude>
    <ClInclude Include="System\Exception\ArgumentOutOfRange\ArgumentOutOfRangeException.h">
      <Filter>Header Files</Filter>
    </ClInclude>
    <ClInclude Include="System\Exception\Cast\InvalidCastException.h">
      <Filter>Header Files</Filter>
    </ClInclude>
    <ClInclude Include="System\Exception\DivideByZero\DivideByZeroException.h">
      <Filter>Header Files</Filter>
    </ClInclude>
    <ClInclude Include="System\Exception\IndexOutOfRange\IndexOutOfRangeException.h">
      <Filter>Header Files</Filter>
    </ClInclude>
    <ClInclude Include="System\Interface\Convertible\IConvertible.h">
      <Filter>Header Files</Filter>
    </ClInclude>
    <ClInclude Include="System\Interface\Observable\IObservable.h">
      <Filter>Header Files</Filter>
    </ClInclude>
    <ClInclude Include="System\Interface\Observer\IObserver.h">
      <Filter>Header Files</Filter>
    </ClInclude>
    <ClInclude Include="System\PrimaryType\Buffer\Buffer.h">
      <Filter>Header Files</Filter>
    </ClInclude>
    <ClInclude Include="System\Span\Span.h">
      <Filter>Header Files</Filter>
    </ClInclude>
    <ClInclude Include="System\Utils\AssertSystem\AssertMacro.h">
      <Filter>Header Files</Filter>
    </ClInclude>
    <ClInclude Include="System\Utils\Memory\Memory.h">
      <Filter>Header Files</Filter>
    </ClInclude>
    <ClInclude Include="System\Utils\SmartPointer\SmartPointer.h">
      <Filter>Header Files</Filter>
    </ClInclude>
    <ClInclude Include="System\Utils\Template\AndOrNot.h">
      <Filter>Header Files</Filter>
    </ClInclude>
    <ClInclude Include="System\Utils\Template\AreTypesEqual.h">
      <Filter>Header Files</Filter>
    </ClInclude>
    <ClInclude Include="System\Utils\Template\EnableIf.h">
      <Filter>Header Files</Filter>
    </ClInclude>
    <ClInclude Include="System\Utils\Template\IsArithmetic.h">
      <Filter>Header Files</Filter>
    </ClInclude>
    <ClInclude Include="System\Utils\Template\RemoveReference.h">
      <Filter>Header Files</Filter>
    </ClInclude>
    <ClInclude Include="System\Utils\Template\TemplateMacro.h">
      <Filter>Header Files</Filter>
    </ClInclude>
    <ClInclude Include="System\Utils\Template\TemplateUtils.h">
      <Filter>Header Files</Filter>
    </ClInclude>
    <ClInclude Include="System\Window\Menu\WindowMenu.h">
      <Filter>Header Files</Filter>
    </ClInclude>
    <ClInclude Include="System\Window\Window.h">
      <Filter>Header Files</Filter>
    </ClInclude>
  </ItemGroup>
</Project>